
Microsoft Visual Studio Solution File, Format Version 12.00
# Visual Studio 15
VisualStudioVersion = 15.0.27703.2035
MinimumVisualStudioVersion = 10.0.40219.1
Project("{FAE04EC0-301F-11D3-BF4B-00C04F79EFBC}") = "Objekt-Orienteret-Programmering", "Objekt-Orienteret-Programmering\Objekt-Orienteret-Programmering.csproj", "{5CBDC752-7217-4BCC-9CCE-33F984EAE4DA}"
EndProject
Global
	GlobalSection(SolutionConfigurationPlatforms) = preSolution
		Debug|Any CPU = Debug|Any CPU
		Release|Any CPU = Release|Any CPU
	EndGlobalSection
	GlobalSection(ProjectConfigurationPlatforms) = postSolution
		{5CBDC752-7217-4BCC-9CCE-33F984EAE4DA}.Debug|Any CPU.ActiveCfg = Debug|Any CPU
		{5CBDC752-7217-4BCC-9CCE-33F984EAE4DA}.Debug|Any CPU.Build.0 = Debug|Any CPU
		{5CBDC752-7217-4BCC-9CCE-33F984EAE4DA}.Release|Any CPU.ActiveCfg = Release|Any CPU
		{5CBDC752-7217-4BCC-9CCE-33F984EAE4DA}.Release|Any CPU.Build.0 = Release|Any CPU
	EndGlobalSection
	GlobalSection(SolutionProperties) = preSolution
		HideSolutionNode = FALSE
	EndGlobalSection
	GlobalSection(ExtensibilityGlobals) = postSolution
		SolutionGuid = {561C96D8-C615-439B-B998-A16B3321A4A8}
	EndGlobalSection
EndGlobal
